
Microsoft Visual Studio Solution File, Format Version 12.00
# Visual Studio Version 17
VisualStudioVersion = 17.4.33103.184
MinimumVisualStudioVersion = 10.0.40219.1
Project("{FAE04EC0-301F-11D3-BF4B-00C04F79EFBC}") = "WebApplication10_1121_MVC", "WebApplication10_1121_MVC\WebApplication10_1121_MVC.csproj", "{C71733E5-8FD9-4938-B9BF-684CC2619E91}"
EndProject
Global
	GlobalSection(SolutionConfigurationPlatforms) = preSolution
		Debug|Any CPU = Debug|Any CPU
		Release|Any CPU = Release|Any CPU
	EndGlobalSection
	GlobalSection(ProjectConfigurationPlatforms) = postSolution
		{C71733E5-8FD9-4938-B9BF-684CC2619E91}.Debug|Any CPU.ActiveCfg = Debug|Any CPU
		{C71733E5-8FD9-4938-B9BF-684CC2619E91}.Debug|Any CPU.Build.0 = Debug|Any CPU
		{C71733E5-8FD9-4938-B9BF-684CC2619E91}.Release|Any CPU.ActiveCfg = Release|Any CPU
		{C71733E5-8FD9-4938-B9BF-684CC2619E91}.Release|Any CPU.Build.0 = Release|Any CPU
	EndGlobalSection
	GlobalSection(SolutionProperties) = preSolution
		HideSolutionNode = FALSE
	EndGlobalSection
	GlobalSection(ExtensibilityGlobals) = postSolution
		SolutionGuid = {6E4F8742-B6CD-4EDE-8939-B7235386D3B3}
	EndGlobalSection
EndGlobal
