
Microsoft Visual Studio Solution File, Format Version 12.00
# Visual Studio Version 17
VisualStudioVersion = 17.3.32825.248
MinimumVisualStudioVersion = 10.0.40219.1
Project("{FAE04EC0-301F-11D3-BF4B-00C04F79EFBC}") = "WebApplication8", "WebApplication8\WebApplication8.csproj", "{86533420-13BF-429F-A5E1-3EB98B040F70}"
EndProject
Global
	GlobalSection(SolutionConfigurationPlatforms) = preSolution
		Debug|Any CPU = Debug|Any CPU
		Release|Any CPU = Release|Any CPU
	EndGlobalSection
	GlobalSection(ProjectConfigurationPlatforms) = postSolution
		{86533420-13BF-429F-A5E1-3EB98B040F70}.Debug|Any CPU.ActiveCfg = Debug|Any CPU
		{86533420-13BF-429F-A5E1-3EB98B040F70}.Debug|Any CPU.Build.0 = Debug|Any CPU
		{86533420-13BF-429F-A5E1-3EB98B040F70}.Release|Any CPU.ActiveCfg = Release|Any CPU
		{86533420-13BF-429F-A5E1-3EB98B040F70}.Release|Any CPU.Build.0 = Release|Any CPU
	EndGlobalSection
	GlobalSection(SolutionProperties) = preSolution
		HideSolutionNode = FALSE
	EndGlobalSection
	GlobalSection(ExtensibilityGlobals) = postSolution
		SolutionGuid = {C7F54FF3-2A0A-484C-B804-43281F1362A5}
	EndGlobalSection
EndGlobal
