
Microsoft Visual Studio Solution File, Format Version 12.00
# Visual Studio Version 17
VisualStudioVersion = 17.4.33103.184
MinimumVisualStudioVersion = 10.0.40219.1
Project("{FAE04EC0-301F-11D3-BF4B-00C04F79EFBC}") = "WebApplication10_1114", "WebApplication10_1114\WebApplication10_1114.csproj", "{DFA4EE6D-1AE6-4757-9587-BC73D2048CFA}"
EndProject
Global
	GlobalSection(SolutionConfigurationPlatforms) = preSolution
		Debug|Any CPU = Debug|Any CPU
		Release|Any CPU = Release|Any CPU
	EndGlobalSection
	GlobalSection(ProjectConfigurationPlatforms) = postSolution
		{DFA4EE6D-1AE6-4757-9587-BC73D2048CFA}.Debug|Any CPU.ActiveCfg = Debug|Any CPU
		{DFA4EE6D-1AE6-4757-9587-BC73D2048CFA}.Debug|Any CPU.Build.0 = Debug|Any CPU
		{DFA4EE6D-1AE6-4757-9587-BC73D2048CFA}.Release|Any CPU.ActiveCfg = Release|Any CPU
		{DFA4EE6D-1AE6-4757-9587-BC73D2048CFA}.Release|Any CPU.Build.0 = Release|Any CPU
	EndGlobalSection
	GlobalSection(SolutionProperties) = preSolution
		HideSolutionNode = FALSE
	EndGlobalSection
	GlobalSection(ExtensibilityGlobals) = postSolution
		SolutionGuid = {ECCB5A71-799C-4C38-889F-EC20FE8972CA}
	EndGlobalSection
EndGlobal
